// !$*UTF8*$!
{
	archiveVersion = 1;
	classes = {
	};
	objectVersion = 46;
	objects = {

/* Begin PBXBuildFile section */
		F0DC31F81BE0C28A009CBCC0 /* AppDelegate.swift in Sources */ = {isa = PBXBuildFile; fileRef = F0DC31F71BE0C28A009CBCC0 /* AppDelegate.swift */; };
		F0DC31FA1BE0C28A009CBCC0 /* ViewController.swift in Sources */ = {isa = PBXBuildFile; fileRef = F0DC31F91BE0C28A009CBCC0 /* ViewController.swift */; };
		F0DC31FD1BE0C28A009CBCC0 /* Main.storyboard in Resources */ = {isa = PBXBuildFile; fileRef = F0DC31FB1BE0C28A009CBCC0 /* Main.storyboard */; };
		F0DC31FF1BE0C28A009CBCC0 /* Assets.xcassets in Resources */ = {isa = PBXBuildFile; fileRef = F0DC31FE1BE0C28A009CBCC0 /* Assets.xcassets */; };
		F0DC32021BE0C28A009CBCC0 /* LaunchScreen.storyboard in Resources */ = {isa = PBXBuildFile; fileRef = F0DC32001BE0C28A009CBCC0 /* LaunchScreen.storyboard */; };
/* End PBXBuildFile section */

/* Begin PBXFileReference section */
		F0DC31F41BE0C28A009CBCC0 /* 01 hello world.app */ = {isa = PBXFileReference; explicitFileType = wrapper.application; includeInIndex = 0; path = "01 hello world.app"; sourceTree = BUILT_PRODUCTS_DIR; };
		F0DC31F71BE0C28A009CBCC0 /* AppDelegate.swift */ = {isa = PBXFileReference; lastKnownFileType = sourcecode.swift; path = AppDelegate.swift; sourceTree = "<group>"; };
		F0DC31F91BE0C28A009CBCC0 /* ViewController.swift */ = {isa = PBXFileReference; lastKnownFileType = sourcecode.swift; path = ViewController.swift; sourceTree = "<group>"; };
		F0DC31FC1BE0C28A009CBCC0 /* Base */ = {isa = PBXFileReference; lastKnownFileType = file.storyboard; name = Base; path = Base.lproj/Main.storyboard; sourceTree = "<group>"; };
		F0DC31FE1BE0C28A009CBCC0 /* Assets.xcassets */ = {isa = PBXFileReference; lastKnownFileType = folder.assetcatalog; path = Assets.xcassets; sourceTree = "<group>"; };
		F0DC32011BE0C28A009CBCC0 /* Base */ = {isa = PBXFileReference; lastKnownFileType = file.storyboard; name = Base; path = Base.lproj/LaunchScreen.storyboard; sourceTree = "<group>"; };
		F0DC32031BE0C28A009CBCC0 /* Info.plist */ = {isa = PBXFileReference; lastKnownFileType = text.plist.xml; path = Info.plist; sourceTree = "<group>"; };
/* End PBXFileReference section */

/* Begin PBXFrameworksBuildPhase section */
		F0DC31F11BE0C28A009CBCC0 /* Frameworks */ = {
			isa = PBXFrameworksBuildPhase;
			buildActionMask = 2147483647;
			files = (
			);
			runOnlyForDeploymentPostprocessing = 0;
		};
/* End PBXFrameworksBuildPhase section */

/* Begin PBXGroup section */
		F0DC31EB1BE0C28A009CBCC0 = {
			isa = PBXGroup;
			children = (
				F0DC31F61BE0C28A009CBCC0 /* 01 hello world */,
				F0DC31F51BE0C28A009CBCC0 /* Products */,
			);
			sourceTree = "<group>";
		};
		F0DC31F51BE0C28A009CBCC0 /* Products */ = {
			isa = PBXGroup;
			children = (
				F0DC31F41BE0C28A009CBCC0 /* 01 hello world.app */,
			);
			name = Products;
			sourceTree = "<group>";
		};
		F0DC31F61BE0C28A009CBCC0 /* 01 hello world */ = {
			isa = PBXGroup;
			children = (
				F0DC31F71BE0C28A009CBCC0 /* AppDelegate.swift */,
				F0DC31F91BE0C28A009CBCC0 /* ViewController.swift */,
				F0DC31FB1BE0C28A009CBCC0 /* Main.storyboard */,
				F0DC31FE1BE0C28A009CBCC0 /* Assets.xcassets */,
				F0DC32001BE0C28A009CBCC0 /* LaunchScreen.storyboard */,
				F0DC32031BE0C28A009CBCC0 /* Info.plist */,
			);
			path = "01 hello world";
			sourceTree = "<group>";
		};
/* End PBXGroup section */

/* Begin PBXNativeTarget section */
		F0DC31F31BE0C28A009CBCC0 /* 01 hello world */ = {
			isa = PBXNativeTarget;
			buildConfigurationList = F0DC32061BE0C28A009CBCC0 /* Build configuration list for PBXNativeTarget "01 hello world" */;
			buildPhases = (
				F0DC31F01BE0C28A009CBCC0 /* Sources */,
				F0DC31F11BE0C28A009CBCC0 /* Frameworks */,
				F0DC31F21BE0C28A009CBCC0 /* Resources */,
			);
			buildRules = (
			);
			dependencies = (
			);
			name = "01 hello world";
			productName = "01 hello world";
			productReference = F0DC31F41BE0C28A009CBCC0 /* 01 hello world.app */;
			productType = "com.apple.product-type.application";
		};
/* End PBXNativeTarget section */

/* Begin PBXProject section */
		F0DC31EC1BE0C28A009CBCC0 /* Project object */ = {
			isa = PBXProject;
			attributes = {
				LastSwiftUpdateCheck = 0710;
				LastUpgradeCheck = 0710;
				ORGANIZATIONNAME = Stormbraces;
				TargetAttributes = {
					F0DC31F31BE0C28A009CBCC0 = {
						CreatedOnToolsVersion = 7.1;
					};
				};
			};
			buildConfigurationList = F0DC31EF1BE0C28A009CBCC0 /* Build configuration list for PBXProject "01 hello world" */;
			compatibilityVersion = "Xcode 3.2";
			developmentRegion = English;
			hasScannedForEncodings = 0;
			knownRegions = (
				en,
				Base,
			);
			mainGroup = F0DC31EB1BE0C28A009CBCC0;
			productRefGroup = F0DC31F51BE0C28A009CBCC0 /* Products */;
			projectDirPath = "";
			projectRoot = "";
			targets = (
				F0DC31F31BE0C28A009CBCC0 /* 01 hello world */,
			);
		};
/* End PBXProject section */

/* Begin PBXResourcesBuildPhase section */
		F0DC31F21BE0C28A009CBCC0 /* Resources */ = {
			isa = PBXResourcesBuildPhase;
			buildActionMask = 2147483647;
			files = (
				F0DC32021BE0C28A009CBCC0 /* LaunchScreen.storyboard in Resources */,
				F0DC31FF1BE0C28A009CBCC0 /* Assets.xcassets in Resources */,
				F0DC31FD1BE0C28A009CBCC0 /* Main.storyboard in Resources */,
			);
			runOnlyForDeploymentPostprocessing = 0;
		};
/* End PBXResourcesBuildPhase section */

/* Begin PBXSourcesBuildPhase section */
		F0DC31F01BE0C28A009CBCC0 /* Sources */ = {
			isa = PBXSourcesBuildPhase;
			buildActionMask = 2147483647;
			files = (
				F0DC31FA1BE0C28A009CBCC0 /* ViewController.swift in Sources */,
				F0DC31F81BE0C28A009CBCC0 /* AppDelegate.swift in Sources */,
			);
			runOnlyForDeploymentPostprocessing = 0;
		};
/* End PBXSourcesBuildPhase section */

/* Begin PBXVariantGroup section */
		F0DC31FB1BE0C28A009CBCC0 /* Main.storyboard */ = {
			isa = PBXVariantGroup;
			children = (
				F0DC31FC1BE0C28A009CBCC0 /* Base */,
			);
			name = Main.storyboard;
			sourceTree = "<group>";
		};
		F0DC32001BE0C28A009CBCC0 /* LaunchScreen.storyboard */ = {
			isa = PBXVariantGroup;
			children = (
				F0DC32011BE0C28A009CBCC0 /* Base */,
			);
			name = LaunchScreen.storyboard;
			sourceTree = "<group>";
		};
/* End PBXVariantGroup section */

/* Begin XCBuildConfiguration section */
		F0DC32041BE0C28A009CBCC0 /* Debug */ = {
			isa = XCBuildConfiguration;
			buildSettings = {
				ALWAYS_SEARCH_USER_PATHS = NO;
				CLANG_CXX_LANGUAGE_STANDARD = "gnu++0x";
				CLANG_CXX_LIBRARY = "libc++";
				CLANG_ENABLE_MODULES = YES;
				CLANG_ENABLE_OBJC_ARC = YES;
				CLANG_WARN_BOOL_CONVERSION = YES;
				CLANG_WARN_CONSTANT_CONVERSION = YES;
				CLANG_WARN_DIRECT_OBJC_ISA_USAGE = YES_ERROR;
				CLANG_WARN_EMPTY_BODY = YES;
				CLANG_WARN_ENUM_CONVERSION = YES;
				CLANG_WARN_INT_CONVERSION = YES;
				CLANG_WARN_OBJC_ROOT_CLASS = YES_ERROR;
				CLANG_WARN_UNREACHABLE_CODE = YES;
				CLANG_WARN__DUPLICATE_METHOD_MATCH = YES;
				"CODE_SIGN_IDENTITY[sdk=iphoneos*]" = "iPhone Developer";
				COPY_PHASE_STRIP = NO;
				DEBUG_INFORMATION_FORMAT = dwarf;
				ENABLE_STRICT_OBJC_MSGSEND = YES;
				ENABLE_TESTABILITY = YES;
				GCC_C_LANGUAGE_STANDARD = gnu99;
				GCC_DYNAMIC_NO_PIC = NO;
				GCC_NO_COMMON_BLOCKS = YES;
				GCC_OPTIMIZATION_LEVEL = 0;
				GCC_PREPROCESSOR_DEFINITIONS = (
					"DEBUG=1",
					"$(inherited)",
				);
				GCC_WARN_64_TO_32_BIT_CONVERSION = YES;
				GCC_WARN_ABOUT_RETURN_TYPE = YES_ERROR;
				GCC_WARN_UNDECLARED_SELECTOR = YES;
				GCC_WARN_UNINITIALIZED_AUTOS = YES_AGGRESSIVE;
				GCC_WARN_UNUSED_FUNCTION = YES;
				GCC_WARN_UNUSED_VARIABLE = YES;
				IPHONEOS_DEPLOYMENT_TARGET = 9.1;
				MTL_ENABLE_DEBUG_INFO = YES;
				ONLY_ACTIVE_ARCH = YES;
				SDKROOT = iphoneos;
				SWIFT_OPTIMIZATION_LEVEL = "-Onone";
				TARGETED_DEVICE_FAMILY = "1,2";
			};
			name = Debug;
		};
		F0DC32051BE0C28A009CBCC0 /* Release */ = {
			isa = XCBuildConfiguration;
			buildSettings = {
				ALWAYS_SEARCH_USER_PATHS = NO;
				CLANG_CXX_LANGUAGE_STANDARD = "gnu++0x";
				CLANG_CXX_LIBRARY = "libc++";
				CLANG_ENABLE_MODULES = YES;
				CLANG_ENABLE_OBJC_ARC = YES;
				CLANG_WARN_BOOL_CONVERSION = YES;
				CLANG_WARN_CONSTANT_CONVERSION = YES;
				CLANG_WARN_DIRECT_OBJC_ISA_USAGE = YES_ERROR;
				CLANG_WARN_EMPTY_BODY = YES;
				CLANG_WARN_ENUM_CONVERSION = YES;
				CLANG_WARN_INT_CONVERSION = YES;
				CLANG_WARN_OBJC_ROOT_CLASS = YES_ERROR;
				CLANG_WARN_UNREACHABLE_CODE = YES;
				CLANG_WARN__DUPLICATE_METHOD_MATCH = YES;
				"CODE_SIGN_IDENTITY[sdk=iphoneos*]" = "iPhone Developer";
				COPY_PHASE_STRIP = NO;
				DEBUG_INFORMATION_FORMAT = "dwarf-with-dsym";
				ENABLE_NS_ASSERTIONS = NO;
				ENABLE_STRICT_OBJC_MSGSEND = YES;
				GCC_C_LANGUAGE_STANDARD = gnu99;
				GCC_NO_COMMON_BLOCKS = YES;
				GCC_WARN_64_TO_32_BIT_CONVERSION = YES;
				GCC_WARN_ABOUT_RETURN_TYPE = YES_ERROR;
				GCC_WARN_UNDECLARED_SELECTOR = YES;
				GCC_WARN_UNINITIALIZED_AUTOS = YES_AGGRESSIVE;
				GCC_WARN_UNUSED_FUNCTION = YES;
				GCC_WARN_UNUSED_VARIABLE = YES;
				IPHONEOS_DEPLOYMENT_TARGET = 9.1;
				MTL_ENABLE_DEBUG_INFO = NO;
				SDKROOT = iphoneos;
				TARGETED_DEVICE_FAMILY = "1,2";
				VALIDATE_PRODUCT = YES;
			};
			name = Release;
		};
		F0DC32071BE0C28A009CBCC0 /* Debug */ = {
			isa = XCBuildConfiguration;
			buildSettings = {
				ASSETCATALOG_COMPILER_APPICON_NAME = AppIcon;
				INFOPLIST_FILE = "01 hello world/Info.plist";
				LD_RUNPATH_SEARCH_PATHS = "$(inherited) @executable_path/Frameworks";
				PRODUCT_BUNDLE_IDENTIFIER = "com.stormbraces.-1-hello-world";
				PRODUCT_NAME = "$(TARGET_NAME)";
			};
			name = Debug;
		};
		F0DC32081BE0C28A009CBCC0 /* Release */ = {
			isa = XCBuildConfiguration;
			buildSettings = {
				ASSETCATALOG_COMPILER_APPICON_NAME = AppIcon;
				INFOPLIST_FILE = "01 hello world/Info.plist";
				LD_RUNPATH_SEARCH_PATHS = "$(inherited) @executable_path/Frameworks";
				PRODUCT_BUNDLE_IDENTIFIER = "com.stormbraces.-1-hello-world";
				PRODUCT_NAME = "$(TARGET_NAME)";
			};
			name = Release;
		};
/* End XCBuildConfiguration section */

/* Begin XCConfigurationList section */
		F0DC31EF1BE0C28A009CBCC0 /* Build configuration list for PBXProject "01 hello world" */ = {
			isa = XCConfigurationList;
			buildConfigurations = (
				F0DC32041BE0C28A009CBCC0 /* Debug */,
				F0DC32051BE0C28A009CBCC0 /* Release */,
			);
			defaultConfigurationIsVisible = 0;
			defaultConfigurationName = Release;
		};
		F0DC32061BE0C28A009CBCC0 /* Build configuration list for PBXNativeTarget "01 hello world" */ = {
			isa = XCConfigurationList;
			buildConfigurations = (
				F0DC32071BE0C28A009CBCC0 /* Debug */,
				F0DC32081BE0C28A009CBCC0 /* Release */,
			);
			defaultConfigurationIsVisible = 0;
		};
/* End XCConfigurationList section */
	};
	rootObject = F0DC31EC1BE0C28A009CBCC0 /* Project object */;
}
